
Microsoft Visual Studio Solution File, Format Version 12.00
# Visual Studio Version 17
VisualStudioVersion = 17.5.33516.290
MinimumVisualStudioVersion = 10.0.40219.1
Project("{FAE04EC0-301F-11D3-BF4B-00C04F79EFBC}") = "Visionet-Webapi", "visionet-webapi\Visionet-Webapi.csproj", "{FD088C25-52AB-4435-8D58-CF56F6022550}"
EndProject
Global
	GlobalSection(SolutionConfigurationPlatforms) = preSolution
		Debug|Any CPU = Debug|Any CPU
		Release|Any CPU = Release|Any CPU
	EndGlobalSection
	GlobalSection(ProjectConfigurationPlatforms) = postSolution
		{FD088C25-52AB-4435-8D58-CF56F6022550}.Debug|Any CPU.ActiveCfg = Debug|Any CPU
		{FD088C25-52AB-4435-8D58-CF56F6022550}.Debug|Any CPU.Build.0 = Debug|Any CPU
		{FD088C25-52AB-4435-8D58-CF56F6022550}.Release|Any CPU.ActiveCfg = Release|Any CPU
		{FD088C25-52AB-4435-8D58-CF56F6022550}.Release|Any CPU.Build.0 = Release|Any CPU
	EndGlobalSection
	GlobalSection(SolutionProperties) = preSolution
		HideSolutionNode = FALSE
	EndGlobalSection
	GlobalSection(ExtensibilityGlobals) = postSolution
		SolutionGuid = {D4C32C27-9A51-4304-A36F-567F635A5ACC}
	EndGlobalSection
EndGlobal
